
Microsoft Visual Studio Solution File, Format Version 12.00
# Visual Studio Version 17
VisualStudioVersion = 17.5.33530.505
MinimumVisualStudioVersion = 10.0.40219.1
Project("{FAE04EC0-301F-11D3-BF4B-00C04F79EFBC}") = "WorkFM.API", "WorkFlowManagement\WorkFM.API.csproj", "{27B3B3A5-9FC9-456B-B8DC-BB9A009F9CEB}"
EndProject
Project("{FAE04EC0-301F-11D3-BF4B-00C04F79EFBC}") = "WorkFM.Common", "WorkFM.Common\WorkFM.Common.csproj", "{22430322-ABFB-4E13-BE8A-8697AB6D5452}"
EndProject
Project("{FAE04EC0-301F-11D3-BF4B-00C04F79EFBC}") = "WorkFM.BL", "WorkFM.BL\WorkFM.BL.csproj", "{141E1AF8-D6FE-44D3-B7FD-FB0F16E08F01}"
EndProject
Project("{FAE04EC0-301F-11D3-BF4B-00C04F79EFBC}") = "WorkFM.DL", "WorkFM.DL\WorkFM.DL.csproj", "{5186069F-F923-4B45-B417-9A0F2F9BB523}"
EndProject
Global
	GlobalSection(SolutionConfigurationPlatforms) = preSolution
		Debug|Any CPU = Debug|Any CPU
		Release|Any CPU = Release|Any CPU
	EndGlobalSection
	GlobalSection(ProjectConfigurationPlatforms) = postSolution
		{27B3B3A5-9FC9-456B-B8DC-BB9A009F9CEB}.Debug|Any CPU.ActiveCfg = Debug|Any CPU
		{27B3B3A5-9FC9-456B-B8DC-BB9A009F9CEB}.Debug|Any CPU.Build.0 = Debug|Any CPU
		{27B3B3A5-9FC9-456B-B8DC-BB9A009F9CEB}.Release|Any CPU.ActiveCfg = Release|Any CPU
		{27B3B3A5-9FC9-456B-B8DC-BB9A009F9CEB}.Release|Any CPU.Build.0 = Release|Any CPU
		{22430322-ABFB-4E13-BE8A-8697AB6D5452}.Debug|Any CPU.ActiveCfg = Debug|Any CPU
		{22430322-ABFB-4E13-BE8A-8697AB6D5452}.Debug|Any CPU.Build.0 = Debug|Any CPU
		{22430322-ABFB-4E13-BE8A-8697AB6D5452}.Release|Any CPU.ActiveCfg = Release|Any CPU
		{22430322-ABFB-4E13-BE8A-8697AB6D5452}.Release|Any CPU.Build.0 = Release|Any CPU
		{141E1AF8-D6FE-44D3-B7FD-FB0F16E08F01}.Debug|Any CPU.ActiveCfg = Debug|Any CPU
		{141E1AF8-D6FE-44D3-B7FD-FB0F16E08F01}.Debug|Any CPU.Build.0 = Debug|Any CPU
		{141E1AF8-D6FE-44D3-B7FD-FB0F16E08F01}.Release|Any CPU.ActiveCfg = Release|Any CPU
		{141E1AF8-D6FE-44D3-B7FD-FB0F16E08F01}.Release|Any CPU.Build.0 = Release|Any CPU
		{5186069F-F923-4B45-B417-9A0F2F9BB523}.Debug|Any CPU.ActiveCfg = Debug|Any CPU
		{5186069F-F923-4B45-B417-9A0F2F9BB523}.Debug|Any CPU.Build.0 = Debug|Any CPU
		{5186069F-F923-4B45-B417-9A0F2F9BB523}.Release|Any CPU.ActiveCfg = Release|Any CPU
		{5186069F-F923-4B45-B417-9A0F2F9BB523}.Release|Any CPU.Build.0 = Release|Any CPU
	EndGlobalSection
	GlobalSection(SolutionProperties) = preSolution
		HideSolutionNode = FALSE
	EndGlobalSection
	GlobalSection(ExtensibilityGlobals) = postSolution
		SolutionGuid = {0900F758-2159-4BDA-8071-874CCEE88FB1}
	EndGlobalSection
EndGlobal
